// !$*UTF8*$!
{
	archiveVersion = 1;
	classes = {
	};
	objectVersion = 56;
	objects = {

/* Begin PBXBuildFile section */
		01F60CC92BF1C8E3005AD3EB /* HealthCareAppointmentBookingApp.swift in Sources */ = {isa = PBXBuildFile; fileRef = 01F60CC82BF1C8E3005AD3EB /* HealthCareAppointmentBookingApp.swift */; };
		01F60CCB2BF1C8E3005AD3EB /* ContentView.swift in Sources */ = {isa = PBXBuildFile; fileRef = 01F60CCA2BF1C8E3005AD3EB /* ContentView.swift */; };
		01F60CCD2BF1C8E5005AD3EB /* Assets.xcassets in Resources */ = {isa = PBXBuildFile; fileRef = 01F60CCC2BF1C8E5005AD3EB /* Assets.xcassets */; };
		01F60CD02BF1C8E5005AD3EB /* Preview Assets.xcassets in Resources */ = {isa = PBXBuildFile; fileRef = 01F60CCF2BF1C8E5005AD3EB /* Preview Assets.xcassets */; };
		01F60CD82BF1C933005AD3EB /* HealthCareDataModel.xcdatamodeld in Sources */ = {isa = PBXBuildFile; fileRef = 01F60CD62BF1C933005AD3EB /* HealthCareDataModel.xcdatamodeld */; };
		01F60CDA2BF1CA21005AD3EB /* HealthCareDataViewModel.swift in Sources */ = {isa = PBXBuildFile; fileRef = 01F60CD92BF1CA21005AD3EB /* HealthCareDataViewModel.swift */; };
		01F60CDC2BF1CB06005AD3EB /* AppointmentView.swift in Sources */ = {isa = PBXBuildFile; fileRef = 01F60CDB2BF1CB06005AD3EB /* AppointmentView.swift */; };
		01F60CDE2BF1CB32005AD3EB /* AppointmentViewModel.swift in Sources */ = {isa = PBXBuildFile; fileRef = 01F60CDD2BF1CB32005AD3EB /* AppointmentViewModel.swift */; };
		01F60CE02BF1CB7F005AD3EB /* BookingAppointmentView.swift in Sources */ = {isa = PBXBuildFile; fileRef = 01F60CDF2BF1CB7F005AD3EB /* BookingAppointmentView.swift */; };
		01F60CE42BF1CCB3005AD3EB /* DoctorSearchView.swift in Sources */ = {isa = PBXBuildFile; fileRef = 01F60CE32BF1CCB3005AD3EB /* DoctorSearchView.swift */; };
		01F60CE62BF1CD41005AD3EB /* DoctorSearchViewModel.swift in Sources */ = {isa = PBXBuildFile; fileRef = 01F60CE52BF1CD41005AD3EB /* DoctorSearchViewModel.swift */; };
		01F60CE82BF1CE47005AD3EB /* HomeView.swift in Sources */ = {isa = PBXBuildFile; fileRef = 01F60CE72BF1CE47005AD3EB /* HomeView.swift */; };
		01F60CEA2BF1D0EB005AD3EB /* DoctorData.json in Resources */ = {isa = PBXBuildFile; fileRef = 01F60CE92BF1D0EB005AD3EB /* DoctorData.json */; };
		01F60CEC2BF1D651005AD3EB /* HealthCareDataModel.swift in Sources */ = {isa = PBXBuildFile; fileRef = 01F60CEB2BF1D651005AD3EB /* HealthCareDataModel.swift */; };
		01F60CEE2BF4C2D7005AD3EB /* LoginViewModel.swift in Sources */ = {isa = PBXBuildFile; fileRef = 01F60CED2BF4C2D7005AD3EB /* LoginViewModel.swift */; };
		01F60CF02BF4C3E1005AD3EB /* LoginView.swift in Sources */ = {isa = PBXBuildFile; fileRef = 01F60CEF2BF4C3E0005AD3EB /* LoginView.swift */; };
		01F60CF22BF4CF9B005AD3EB /* CreateUserAccountView.swift in Sources */ = {isa = PBXBuildFile; fileRef = 01F60CF12BF4CF9B005AD3EB /* CreateUserAccountView.swift */; };
/* End PBXBuildFile section */

/* Begin PBXFileReference section */
		01F60CC52BF1C8E3005AD3EB /* HealthCareAppointmentBooking.app */ = {isa = PBXFileReference; explicitFileType = wrapper.application; includeInIndex = 0; path = HealthCareAppointmentBooking.app; sourceTree = BUILT_PRODUCTS_DIR; };
		01F60CC82BF1C8E3005AD3EB /* HealthCareAppointmentBookingApp.swift */ = {isa = PBXFileReference; lastKnownFileType = sourcecode.swift; path = HealthCareAppointmentBookingApp.swift; sourceTree = "<group>"; };
		01F60CCA2BF1C8E3005AD3EB /* ContentView.swift */ = {isa = PBXFileReference; lastKnownFileType = sourcecode.swift; path = ContentView.swift; sourceTree = "<group>"; };
		01F60CCC2BF1C8E5005AD3EB /* Assets.xcassets */ = {isa = PBXFileReference; lastKnownFileType = folder.assetcatalog; path = Assets.xcassets; sourceTree = "<group>"; };
		01F60CCF2BF1C8E5005AD3EB /* Preview Assets.xcassets */ = {isa = PBXFileReference; lastKnownFileType = folder.assetcatalog; path = "Preview Assets.xcassets"; sourceTree = "<group>"; };
		01F60CD72BF1C933005AD3EB /* HealthCareDataModel.xcdatamodel */ = {isa = PBXFileReference; lastKnownFileType = wrapper.xcdatamodel; path = HealthCareDataModel.xcdatamodel; sourceTree = "<group>"; };
		01F60CD92BF1CA21005AD3EB /* HealthCareDataViewModel.swift */ = {isa = PBXFileReference; lastKnownFileType = sourcecode.swift; path = HealthCareDataViewModel.swift; sourceTree = "<group>"; };
		01F60CDB2BF1CB06005AD3EB /* AppointmentView.swift */ = {isa = PBXFileReference; lastKnownFileType = sourcecode.swift; path = AppointmentView.swift; sourceTree = "<group>"; };
		01F60CDD2BF1CB32005AD3EB /* AppointmentViewModel.swift */ = {isa = PBXFileReference; lastKnownFileType = sourcecode.swift; path = AppointmentViewModel.swift; sourceTree = "<group>"; };
		01F60CDF2BF1CB7F005AD3EB /* BookingAppointmentView.swift */ = {isa = PBXFileReference; lastKnownFileType = sourcecode.swift; path = BookingAppointmentView.swift; sourceTree = "<group>"; };
		01F60CE32BF1CCB3005AD3EB /* DoctorSearchView.swift */ = {isa = PBXFileReference; lastKnownFileType = sourcecode.swift; path = DoctorSearchView.swift; sourceTree = "<group>"; };
		01F60CE52BF1CD41005AD3EB /* DoctorSearchViewModel.swift */ = {isa = PBXFileReference; lastKnownFileType = sourcecode.swift; path = DoctorSearchViewModel.swift; sourceTree = "<group>"; };
		01F60CE72BF1CE47005AD3EB /* HomeView.swift */ = {isa = PBXFileReference; lastKnownFileType = sourcecode.swift; path = HomeView.swift; sourceTree = "<group>"; };
		01F60CE92BF1D0EB005AD3EB /* DoctorData.json */ = {isa = PBXFileReference; lastKnownFileType = text.json; path = DoctorData.json; sourceTree = "<group>"; };
		01F60CEB2BF1D651005AD3EB /* HealthCareDataModel.swift */ = {isa = PBXFileReference; lastKnownFileType = sourcecode.swift; path = HealthCareDataModel.swift; sourceTree = "<group>"; };
		01F60CED2BF4C2D7005AD3EB /* LoginViewModel.swift */ = {isa = PBXFileReference; lastKnownFileType = sourcecode.swift; path = LoginViewModel.swift; sourceTree = "<group>"; };
		01F60CEF2BF4C3E0005AD3EB /* LoginView.swift */ = {isa = PBXFileReference; lastKnownFileType = sourcecode.swift; path = LoginView.swift; sourceTree = "<group>"; };
		01F60CF12BF4CF9B005AD3EB /* CreateUserAccountView.swift */ = {isa = PBXFileReference; lastKnownFileType = sourcecode.swift; path = CreateUserAccountView.swift; sourceTree = "<group>"; };
/* End PBXFileReference section */

/* Begin PBXFrameworksBuildPhase section */
		01F60CC22BF1C8E3005AD3EB /* Frameworks */ = {
			isa = PBXFrameworksBuildPhase;
			buildActionMask = 2147483647;
			files = (
			);
			runOnlyForDeploymentPostprocessing = 0;
		};
/* End PBXFrameworksBuildPhase section */

/* Begin PBXGroup section */
		01F60CBC2BF1C8E3005AD3EB = {
			isa = PBXGroup;
			children = (
				01F60CC72BF1C8E3005AD3EB /* HealthCareAppointmentBooking */,
				01F60CC62BF1C8E3005AD3EB /* Products */,
			);
			sourceTree = "<group>";
		};
		01F60CC62BF1C8E3005AD3EB /* Products */ = {
			isa = PBXGroup;
			children = (
				01F60CC52BF1C8E3005AD3EB /* HealthCareAppointmentBooking.app */,
			);
			name = Products;
			sourceTree = "<group>";
		};
		01F60CC72BF1C8E3005AD3EB /* HealthCareAppointmentBooking */ = {
			isa = PBXGroup;
			children = (
				01F60CC82BF1C8E3005AD3EB /* HealthCareAppointmentBookingApp.swift */,
				01F60CD92BF1CA21005AD3EB /* HealthCareDataViewModel.swift */,
				01F60CCA2BF1C8E3005AD3EB /* ContentView.swift */,
				01F60CD62BF1C933005AD3EB /* HealthCareDataModel.xcdatamodeld */,
				01F60CCC2BF1C8E5005AD3EB /* Assets.xcassets */,
				01F60CCE2BF1C8E5005AD3EB /* Preview Content */,
				01F60CDB2BF1CB06005AD3EB /* AppointmentView.swift */,
				01F60CDD2BF1CB32005AD3EB /* AppointmentViewModel.swift */,
				01F60CDF2BF1CB7F005AD3EB /* BookingAppointmentView.swift */,
				01F60CE32BF1CCB3005AD3EB /* DoctorSearchView.swift */,
				01F60CE52BF1CD41005AD3EB /* DoctorSearchViewModel.swift */,
				01F60CE72BF1CE47005AD3EB /* HomeView.swift */,
				01F60CE92BF1D0EB005AD3EB /* DoctorData.json */,
				01F60CEB2BF1D651005AD3EB /* HealthCareDataModel.swift */,
				01F60CED2BF4C2D7005AD3EB /* LoginViewModel.swift */,
				01F60CEF2BF4C3E0005AD3EB /* LoginView.swift */,
				01F60CF12BF4CF9B005AD3EB /* CreateUserAccountView.swift */,
			);
			path = HealthCareAppointmentBooking;
			sourceTree = "<group>";
		};
		01F60CCE2BF1C8E5005AD3EB /* Preview Content */ = {
			isa = PBXGroup;
			children = (
				01F60CCF2BF1C8E5005AD3EB /* Preview Assets.xcassets */,
			);
			path = "Preview Content";
			sourceTree = "<group>";
		};
/* End PBXGroup section */

/* Begin PBXNativeTarget section */
		01F60CC42BF1C8E3005AD3EB /* HealthCareAppointmentBooking */ = {
			isa = PBXNativeTarget;
			buildConfigurationList = 01F60CD32BF1C8E5005AD3EB /* Build configuration list for PBXNativeTarget "HealthCareAppointmentBooking" */;
			buildPhases = (
				01F60CC12BF1C8E3005AD3EB /* Sources */,
				01F60CC22BF1C8E3005AD3EB /* Frameworks */,
				01F60CC32BF1C8E3005AD3EB /* Resources */,
			);
			buildRules = (
			);
			dependencies = (
			);
			name = HealthCareAppointmentBooking;
			productName = HealthCareAppointmentBooking;
			productReference = 01F60CC52BF1C8E3005AD3EB /* HealthCareAppointmentBooking.app */;
			productType = "com.apple.product-type.application";
		};
/* End PBXNativeTarget section */

/* Begin PBXProject section */
		01F60CBD2BF1C8E3005AD3EB /* Project object */ = {
			isa = PBXProject;
			attributes = {
				BuildIndependentTargetsInParallel = 1;
				LastSwiftUpdateCheck = 1530;
				LastUpgradeCheck = 1530;
				TargetAttributes = {
					01F60CC42BF1C8E3005AD3EB = {
						CreatedOnToolsVersion = 15.3;
					};
				};
			};
			buildConfigurationList = 01F60CC02BF1C8E3005AD3EB /* Build configuration list for PBXProject "HealthCareAppointmentBooking" */;
			compatibilityVersion = "Xcode 14.0";
			developmentRegion = en;
			hasScannedForEncodings = 0;
			knownRegions = (
				en,
				Base,
			);
			mainGroup = 01F60CBC2BF1C8E3005AD3EB;
			productRefGroup = 01F60CC62BF1C8E3005AD3EB /* Products */;
			projectDirPath = "";
			projectRoot = "";
			targets = (
				01F60CC42BF1C8E3005AD3EB /* HealthCareAppointmentBooking */,
			);
		};
/* End PBXProject section */

/* Begin PBXResourcesBuildPhase section */
		01F60CC32BF1C8E3005AD3EB /* Resources */ = {
			isa = PBXResourcesBuildPhase;
			buildActionMask = 2147483647;
			files = (
				01F60CD02BF1C8E5005AD3EB /* Preview Assets.xcassets in Resources */,
				01F60CEA2BF1D0EB005AD3EB /* DoctorData.json in Resources */,
				01F60CCD2BF1C8E5005AD3EB /* Assets.xcassets in Resources */,
			);
			runOnlyForDeploymentPostprocessing = 0;
		};
/* End PBXResourcesBuildPhase section */

/* Begin PBXSourcesBuildPhase section */
		01F60CC12BF1C8E3005AD3EB /* Sources */ = {
			isa = PBXSourcesBuildPhase;
			buildActionMask = 2147483647;
			files = (
				01F60CDC2BF1CB06005AD3EB /* AppointmentView.swift in Sources */,
				01F60CCB2BF1C8E3005AD3EB /* ContentView.swift in Sources */,
				01F60CC92BF1C8E3005AD3EB /* HealthCareAppointmentBookingApp.swift in Sources */,
				01F60CE82BF1CE47005AD3EB /* HomeView.swift in Sources */,
				01F60CE62BF1CD41005AD3EB /* DoctorSearchViewModel.swift in Sources */,
				01F60CD82BF1C933005AD3EB /* HealthCareDataModel.xcdatamodeld in Sources */,
				01F60CEC2BF1D651005AD3EB /* HealthCareDataModel.swift in Sources */,
				01F60CF22BF4CF9B005AD3EB /* CreateUserAccountView.swift in Sources */,
				01F60CE02BF1CB7F005AD3EB /* BookingAppointmentView.swift in Sources */,
				01F60CEE2BF4C2D7005AD3EB /* LoginViewModel.swift in Sources */,
				01F60CE42BF1CCB3005AD3EB /* DoctorSearchView.swift in Sources */,
				01F60CF02BF4C3E1005AD3EB /* LoginView.swift in Sources */,
				01F60CDE2BF1CB32005AD3EB /* AppointmentViewModel.swift in Sources */,
				01F60CDA2BF1CA21005AD3EB /* HealthCareDataViewModel.swift in Sources */,
			);
			runOnlyForDeploymentPostprocessing = 0;
		};
/* End PBXSourcesBuildPhase section */

/* Begin XCBuildConfiguration section */
		01F60CD12BF1C8E5005AD3EB /* Debug */ = {
			isa = XCBuildConfiguration;
			buildSettings = {
				ALWAYS_SEARCH_USER_PATHS = NO;
				ASSETCATALOG_COMPILER_GENERATE_SWIFT_ASSET_SYMBOL_EXTENSIONS = YES;
				CLANG_ANALYZER_NONNULL = YES;
				CLANG_ANALYZER_NUMBER_OBJECT_CONVERSION = YES_AGGRESSIVE;
				CLANG_CXX_LANGUAGE_STANDARD = "gnu++20";
				CLANG_ENABLE_MODULES = YES;
				CLANG_ENABLE_OBJC_ARC = YES;
				CLANG_ENABLE_OBJC_WEAK = YES;
				CLANG_WARN_BLOCK_CAPTURE_AUTORELEASING = YES;
				CLANG_WARN_BOOL_CONVERSION = YES;
				CLANG_WARN_COMMA = YES;
				CLANG_WARN_CONSTANT_CONVERSION = YES;
				CLANG_WARN_DEPRECATED_OBJC_IMPLEMENTATIONS = YES;
				CLANG_WARN_DIRECT_OBJC_ISA_USAGE = YES_ERROR;
				CLANG_WARN_DOCUMENTATION_COMMENTS = YES;
				CLANG_WARN_EMPTY_BODY = YES;
				CLANG_WARN_ENUM_CONVERSION = YES;
				CLANG_WARN_INFINITE_RECURSION = YES;
				CLANG_WARN_INT_CONVERSION = YES;
				CLANG_WARN_NON_LITERAL_NULL_CONVERSION = YES;
				CLANG_WARN_OBJC_IMPLICIT_RETAIN_SELF = YES;
				CLANG_WARN_OBJC_LITERAL_CONVERSION = YES;
				CLANG_WARN_OBJC_ROOT_CLASS = YES_ERROR;
				CLANG_WARN_QUOTED_INCLUDE_IN_FRAMEWORK_HEADER = YES;
				CLANG_WARN_RANGE_LOOP_ANALYSIS = YES;
				CLANG_WARN_STRICT_PROTOTYPES = YES;
				CLANG_WARN_SUSPICIOUS_MOVE = YES;
				CLANG_WARN_UNGUARDED_AVAILABILITY = YES_AGGRESSIVE;
				CLANG_WARN_UNREACHABLE_CODE = YES;
				CLANG_WARN__DUPLICATE_METHOD_MATCH = YES;
				COPY_PHASE_STRIP = NO;
				DEBUG_INFORMATION_FORMAT = dwarf;
				ENABLE_STRICT_OBJC_MSGSEND = YES;
				ENABLE_TESTABILITY = YES;
				ENABLE_USER_SCRIPT_SANDBOXING = YES;
				GCC_C_LANGUAGE_STANDARD = gnu17;
				GCC_DYNAMIC_NO_PIC = NO;
				GCC_NO_COMMON_BLOCKS = YES;
				GCC_OPTIMIZATION_LEVEL = 0;
				GCC_PREPROCESSOR_DEFINITIONS = (
					"DEBUG=1",
					"$(inherited)",
				);
				GCC_WARN_64_TO_32_BIT_CONVERSION = YES;
				GCC_WARN_ABOUT_RETURN_TYPE = YES_ERROR;
				GCC_WARN_UNDECLARED_SELECTOR = YES;
				GCC_WARN_UNINITIALIZED_AUTOS = YES_AGGRESSIVE;
				GCC_WARN_UNUSED_FUNCTION = YES;
				GCC_WARN_UNUSED_VARIABLE = YES;
				IPHONEOS_DEPLOYMENT_TARGET = 17.4;
				LOCALIZATION_PREFERS_STRING_CATALOGS = YES;
				MTL_ENABLE_DEBUG_INFO = INCLUDE_SOURCE;
				MTL_FAST_MATH = YES;
				ONLY_ACTIVE_ARCH = YES;
				SDKROOT = iphoneos;
				SWIFT_ACTIVE_COMPILATION_CONDITIONS = "DEBUG $(inherited)";
				SWIFT_OPTIMIZATION_LEVEL = "-Onone";
			};
			name = Debug;
		};
		01F60CD22BF1C8E5005AD3EB /* Release */ = {
			isa = XCBuildConfiguration;
			buildSettings = {
				ALWAYS_SEARCH_USER_PATHS = NO;
				ASSETCATALOG_COMPILER_GENERATE_SWIFT_ASSET_SYMBOL_EXTENSIONS = YES;
				CLANG_ANALYZER_NONNULL = YES;
				CLANG_ANALYZER_NUMBER_OBJECT_CONVERSION = YES_AGGRESSIVE;
				CLANG_CXX_LANGUAGE_STANDARD = "gnu++20";
				CLANG_ENABLE_MODULES = YES;
				CLANG_ENABLE_OBJC_ARC = YES;
				CLANG_ENABLE_OBJC_WEAK = YES;
				CLANG_WARN_BLOCK_CAPTURE_AUTORELEASING = YES;
				CLANG_WARN_BOOL_CONVERSION = YES;
				CLANG_WARN_COMMA = YES;
				CLANG_WARN_CONSTANT_CONVERSION = YES;
				CLANG_WARN_DEPRECATED_OBJC_IMPLEMENTATIONS = YES;
				CLANG_WARN_DIRECT_OBJC_ISA_USAGE = YES_ERROR;
				CLANG_WARN_DOCUMENTATION_COMMENTS = YES;
				CLANG_WARN_EMPTY_BODY = YES;
				CLANG_WARN_ENUM_CONVERSION = YES;
				CLANG_WARN_INFINITE_RECURSION = YES;
				CLANG_WARN_INT_CONVERSION = YES;
				CLANG_WARN_NON_LITERAL_NULL_CONVERSION = YES;
				CLANG_WARN_OBJC_IMPLICIT_RETAIN_SELF = YES;
				CLANG_WARN_OBJC_LITERAL_CONVERSION = YES;
				CLANG_WARN_OBJC_ROOT_CLASS = YES_ERROR;
				CLANG_WARN_QUOTED_INCLUDE_IN_FRAMEWORK_HEADER = YES;
				CLANG_WARN_RANGE_LOOP_ANALYSIS = YES;
				CLANG_WARN_STRICT_PROTOTYPES = YES;
				CLANG_WARN_SUSPICIOUS_MOVE = YES;
				CLANG_WARN_UNGUARDED_AVAILABILITY = YES_AGGRESSIVE;
				CLANG_WARN_UNREACHABLE_CODE = YES;
				CLANG_WARN__DUPLICATE_METHOD_MATCH = YES;
				COPY_PHASE_STRIP = NO;
				DEBUG_INFORMATION_FORMAT = "dwarf-with-dsym";
				ENABLE_NS_ASSERTIONS = NO;
				ENABLE_STRICT_OBJC_MSGSEND = YES;
				ENABLE_USER_SCRIPT_SANDBOXING = YES;
				GCC_C_LANGUAGE_STANDARD = gnu17;
				GCC_NO_COMMON_BLOCKS = YES;
				GCC_WARN_64_TO_32_BIT_CONVERSION = YES;
				GCC_WARN_ABOUT_RETURN_TYPE = YES_ERROR;
				GCC_WARN_UNDECLARED_SELECTOR = YES;
				GCC_WARN_UNINITIALIZED_AUTOS = YES_AGGRESSIVE;
				GCC_WARN_UNUSED_FUNCTION = YES;
				GCC_WARN_UNUSED_VARIABLE = YES;
				IPHONEOS_DEPLOYMENT_TARGET = 17.4;
				LOCALIZATION_PREFERS_STRING_CATALOGS = YES;
				MTL_ENABLE_DEBUG_INFO = NO;
				MTL_FAST_MATH = YES;
				SDKROOT = iphoneos;
				SWIFT_COMPILATION_MODE = wholemodule;
				VALIDATE_PRODUCT = YES;
			};
			name = Release;
		};
		01F60CD42BF1C8E5005AD3EB /* Debug */ = {
			isa = XCBuildConfiguration;
			buildSettings = {
				ASSETCATALOG_COMPILER_APPICON_NAME = AppIcon;
				ASSETCATALOG_COMPILER_GLOBAL_ACCENT_COLOR_NAME = AccentColor;
				CODE_SIGN_STYLE = Automatic;
				CURRENT_PROJECT_VERSION = 1;
				DEVELOPMENT_ASSET_PATHS = "\"HealthCareAppointmentBooking/Preview Content\"";
				ENABLE_PREVIEWS = YES;
				GENERATE_INFOPLIST_FILE = YES;
				INFOPLIST_KEY_UIApplicationSceneManifest_Generation = YES;
				INFOPLIST_KEY_UIApplicationSupportsIndirectInputEvents = YES;
				INFOPLIST_KEY_UILaunchScreen_Generation = YES;
				INFOPLIST_KEY_UISupportedInterfaceOrientations_iPad = "UIInterfaceOrientationPortrait UIInterfaceOrientationPortraitUpsideDown UIInterfaceOrientationLandscapeLeft UIInterfaceOrientationLandscapeRight";
				INFOPLIST_KEY_UISupportedInterfaceOrientations_iPhone = "UIInterfaceOrientationPortrait UIInterfaceOrientationLandscapeLeft UIInterfaceOrientationLandscapeRight";
				LD_RUNPATH_SEARCH_PATHS = (
					"$(inherited)",
					"@executable_path/Frameworks",
				);
				MARKETING_VERSION = 1.0;
				PRODUCT_BUNDLE_IDENTIFIER = uts.edu.au.HealthCareAppointmentBooking;
				PRODUCT_NAME = "$(TARGET_NAME)";
				SWIFT_EMIT_LOC_STRINGS = YES;
				SWIFT_VERSION = 5.0;
				TARGETED_DEVICE_FAMILY = "1,2";
			};
			name = Debug;
		};
		01F60CD52BF1C8E5005AD3EB /* Release */ = {
			isa = XCBuildConfiguration;
			buildSettings = {
				ASSETCATALOG_COMPILER_APPICON_NAME = AppIcon;
				ASSETCATALOG_COMPILER_GLOBAL_ACCENT_COLOR_NAME = AccentColor;
				CODE_SIGN_STYLE = Automatic;
				CURRENT_PROJECT_VERSION = 1;
				DEVELOPMENT_ASSET_PATHS = "\"HealthCareAppointmentBooking/Preview Content\"";
				ENABLE_PREVIEWS = YES;
				GENERATE_INFOPLIST_FILE = YES;
				INFOPLIST_KEY_UIApplicationSceneManifest_Generation = YES;
				INFOPLIST_KEY_UIApplicationSupportsIndirectInputEvents = YES;
				INFOPLIST_KEY_UILaunchScreen_Generation = YES;
				INFOPLIST_KEY_UISupportedInterfaceOrientations_iPad = "UIInterfaceOrientationPortrait UIInterfaceOrientationPortraitUpsideDown UIInterfaceOrientationLandscapeLeft UIInterfaceOrientationLandscapeRight";
				INFOPLIST_KEY_UISupportedInterfaceOrientations_iPhone = "UIInterfaceOrientationPortrait UIInterfaceOrientationLandscapeLeft UIInterfaceOrientationLandscapeRight";
				LD_RUNPATH_SEARCH_PATHS = (
					"$(inherited)",
					"@executable_path/Frameworks",
				);
				MARKETING_VERSION = 1.0;
				PRODUCT_BUNDLE_IDENTIFIER = uts.edu.au.HealthCareAppointmentBooking;
				PRODUCT_NAME = "$(TARGET_NAME)";
				SWIFT_EMIT_LOC_STRINGS = YES;
				SWIFT_VERSION = 5.0;
				TARGETED_DEVICE_FAMILY = "1,2";
			};
			name = Release;
		};
/* End XCBuildConfiguration section */

/* Begin XCConfigurationList section */
		01F60CC02BF1C8E3005AD3EB /* Build configuration list for PBXProject "HealthCareAppointmentBooking" */ = {
			isa = XCConfigurationList;
			buildConfigurations = (
				01F60CD12BF1C8E5005AD3EB /* Debug */,
				01F60CD22BF1C8E5005AD3EB /* Release */,
			);
			defaultConfigurationIsVisible = 0;
			defaultConfigurationName = Release;
		};
		01F60CD32BF1C8E5005AD3EB /* Build configuration list for PBXNativeTarget "HealthCareAppointmentBooking" */ = {
			isa = XCConfigurationList;
			buildConfigurations = (
				01F60CD42BF1C8E5005AD3EB /* Debug */,
				01F60CD52BF1C8E5005AD3EB /* Release */,
			);
			defaultConfigurationIsVisible = 0;
			defaultConfigurationName = Release;
		};
/* End XCConfigurationList section */

/* Begin XCVersionGroup section */
		01F60CD62BF1C933005AD3EB /* HealthCareDataModel.xcdatamodeld */ = {
			isa = XCVersionGroup;
			children = (
				01F60CD72BF1C933005AD3EB /* HealthCareDataModel.xcdatamodel */,
			);
			currentVersion = 01F60CD72BF1C933005AD3EB /* HealthCareDataModel.xcdatamodel */;
			path = HealthCareDataModel.xcdatamodeld;
			sourceTree = "<group>";
			versionGroupType = wrapper.xcdatamodel;
		};
/* End XCVersionGroup section */
	};
	rootObject = 01F60CBD2BF1C8E3005AD3EB /* Project object */;
}
